
Microsoft Visual Studio Solution File, Format Version 12.00
# Visual Studio Version 17
VisualStudioVersion = 17.1.32228.430
MinimumVisualStudioVersion = 10.0.40219.1
Project("{9A19103F-16F7-4668-BE54-9A1E7A4F7556}") = "VShop.ProductAPI", "VShop.ProductAPI\VShop.ProductAPI.csproj", "{00FE538E-4B37-441C-B49D-A39B2F124502}"
EndProject
Project("{9A19103F-16F7-4668-BE54-9A1E7A4F7556}") = "VShop.Web", "VShop.Web\VShop.Web.csproj", "{D6AFDC0F-2A6C-4C0E-A07D-F4668DE93065}"
EndProject
Project("{FAE04EC0-301F-11D3-BF4B-00C04F79EFBC}") = "VShop.IdentityServer", "VShop.IdentityServer\VShop.IdentityServer.csproj", "{11EB1B12-A42B-4F49-A614-029AAD376A72}"
EndProject
Global
	GlobalSection(SolutionConfigurationPlatforms) = preSolution
		Debug|Any CPU = Debug|Any CPU
		Release|Any CPU = Release|Any CPU
	EndGlobalSection
	GlobalSection(ProjectConfigurationPlatforms) = postSolution
		{00FE538E-4B37-441C-B49D-A39B2F124502}.Debug|Any CPU.ActiveCfg = Debug|Any CPU
		{00FE538E-4B37-441C-B49D-A39B2F124502}.Debug|Any CPU.Build.0 = Debug|Any CPU
		{00FE538E-4B37-441C-B49D-A39B2F124502}.Release|Any CPU.ActiveCfg = Release|Any CPU
		{00FE538E-4B37-441C-B49D-A39B2F124502}.Release|Any CPU.Build.0 = Release|Any CPU
		{D6AFDC0F-2A6C-4C0E-A07D-F4668DE93065}.Debug|Any CPU.ActiveCfg = Debug|Any CPU
		{D6AFDC0F-2A6C-4C0E-A07D-F4668DE93065}.Debug|Any CPU.Build.0 = Debug|Any CPU
		{D6AFDC0F-2A6C-4C0E-A07D-F4668DE93065}.Release|Any CPU.ActiveCfg = Release|Any CPU
		{D6AFDC0F-2A6C-4C0E-A07D-F4668DE93065}.Release|Any CPU.Build.0 = Release|Any CPU
		{11EB1B12-A42B-4F49-A614-029AAD376A72}.Debug|Any CPU.ActiveCfg = Debug|Any CPU
		{11EB1B12-A42B-4F49-A614-029AAD376A72}.Debug|Any CPU.Build.0 = Debug|Any CPU
		{11EB1B12-A42B-4F49-A614-029AAD376A72}.Release|Any CPU.ActiveCfg = Release|Any CPU
		{11EB1B12-A42B-4F49-A614-029AAD376A72}.Release|Any CPU.Build.0 = Release|Any CPU
	EndGlobalSection
	GlobalSection(SolutionProperties) = preSolution
		HideSolutionNode = FALSE
	EndGlobalSection
	GlobalSection(ExtensibilityGlobals) = postSolution
		SolutionGuid = {08EB078A-81F3-4A29-94AF-4343DB0A929D}
	EndGlobalSection
EndGlobal
